// !$*UTF8*$!
{
	archiveVersion = 1;
	classes = {
	};
	objectVersion = 46;
	objects = {
/* Begin PBXBuildFile section */
		0207DA581B56EA530066E2B4 /* Images.xcassets in Resources */ = {isa = PBXBuildFile; fileRef = 0207DA571B56EA530066E2B4 /* Images.xcassets */; };
		1D3623260D0F684500981E51 /* AppDelegate.m in Sources */ = {isa = PBXBuildFile; fileRef = 1D3623250D0F684500981E51 /* AppDelegate.m */; };
		1D60589B0D05DD56006BFB54 /* main.m in Sources */ = {isa = PBXBuildFile; fileRef = 29B97316FDCFA39411CA2CEA /* main.m */; };
		301BF552109A68D80062928A /* libCordova.a in Frameworks */ = {isa = PBXBuildFile; fileRef = 301BF535109A57CC0062928A /* libCordova.a */; };
		302D95F114D2391D003F00A1 /* MainViewController.m in Sources */ = {isa = PBXBuildFile; fileRef = 302D95EF14D2391D003F00A1 /* MainViewController.m */; };
		302D95F214D2391D003F00A1 /* MainViewController.xib in Resources */ = {isa = PBXBuildFile; fileRef = 302D95F014D2391D003F00A1 /* MainViewController.xib */; };
		3047A5121AB8059700498E2A /* build-debug.xcconfig in Resources */ = {isa = PBXBuildFile; fileRef = 3047A50F1AB8059700498E2A /* build-debug.xcconfig */; };
		3047A5131AB8059700498E2A /* build-release.xcconfig in Resources */ = {isa = PBXBuildFile; fileRef = 3047A5101AB8059700498E2A /* build-release.xcconfig */; };
		3047A5141AB8059700498E2A /* build.xcconfig in Resources */ = {isa = PBXBuildFile; fileRef = 3047A5111AB8059700498E2A /* build.xcconfig */; };
		76335B034203490190DD6E6C /* CDVClipboard.m in Sources */ = {isa = PBXBuildFile; fileRef = B011F4E25B6B43879AB69B78 /* CDVClipboard.m */; };
		465DEFDFED4A4C8F959F4E61 /* CDVBattery.m in Sources */ = {isa = PBXBuildFile; fileRef = D3D3AAD5B60342EF819519B3 /* CDVBattery.m */; };
		1D7C73E87A0F4E19A010A373 /* UIImage+CropScaleOrientation.m in Sources */ = {isa = PBXBuildFile; fileRef = 2408E1F48717421CA6B49F7E /* UIImage+CropScaleOrientation.m */; };
		6875437609BA4ADBBE0A1B4A /* CDVCamera.m in Sources */ = {isa = PBXBuildFile; fileRef = C2CCBD8D58DC4AFD87F60D06 /* CDVCamera.m */; };
		FF0E7454F8CF46CE9A89DBCE /* CDVJpegHeaderWriter.m in Sources */ = {isa = PBXBuildFile; fileRef = 696CC190071046039AB8B605 /* CDVJpegHeaderWriter.m */; };
		EA8E8814B41E4A29989B93BC /* ImageIO.framework in Frameworks */ = {isa = PBXBuildFile; fileRef = DF8C7BA1961D4E2FB88D3FEB /* ImageIO.framework */; settings = {ATTRIBUTES = (Weak, ); }; };
		2F701359663B452BA0CCA052 /* CoreLocation.framework in Frameworks */ = {isa = PBXBuildFile; fileRef = 6B0B341CA78D4101A80AD7DD /* CoreLocation.framework */; };
		45EFDC03653048EBB8819561 /* AVFoundation.framework in Frameworks */ = {isa = PBXBuildFile; fileRef = 9E126F671308465EB7025570 /* AVFoundation.framework */; };
		75596C40FD2E4342A86BAF1F /* CDVLogger.m in Sources */ = {isa = PBXBuildFile; fileRef = 4359AE9726B646ABBA253742 /* CDVLogger.m */; };
		361635A417834C578E07957E /* CDVContacts.m in Sources */ = {isa = PBXBuildFile; fileRef = 42EC7F8C039F40C9897A64B1 /* CDVContacts.m */; };
		BBF4BD206B1249E1A88BB1A1 /* CDVContact.m in Sources */ = {isa = PBXBuildFile; fileRef = DFFD89A8D6C94F2EB1327369 /* CDVContact.m */; };
		05BE96CF16A64DD2A045E8DC /* AddressBook.framework in Frameworks */ = {isa = PBXBuildFile; fileRef = AFD9F694F4D042B082DC9FE1 /* AddressBook.framework */; settings = {ATTRIBUTES = (Weak, ); }; };
		58045B70F6F94400B00DE3E6 /* AddressBookUI.framework in Frameworks */ = {isa = PBXBuildFile; fileRef = E6184898B3D24A83B04C9C5D /* AddressBookUI.framework */; settings = {ATTRIBUTES = (Weak, ); }; };
		59ACB7C89E4B4BD4AC44C382 /* CDVDevice.m in Sources */ = {isa = PBXBuildFile; fileRef = 3C5D0883CC5642CB9D4FDC5C /* CDVDevice.m */; };
		5A12E518185C4CA795454B03 /* CDVAccelerometer.m in Sources */ = {isa = PBXBuildFile; fileRef = 3AAB981A14604EE19BECC95D /* CDVAccelerometer.m */; };
		EAF1CD9B4DAC48FFBD18B2F0 /* CoreMotion.framework in Frameworks */ = {isa = PBXBuildFile; fileRef = 9725133FC6FE4451938A9C0D /* CoreMotion.framework */; };
		A3659CEC552E4D1D8B591965 /* CDVCompass.m in Sources */ = {isa = PBXBuildFile; fileRef = 0F7F1F0F2C5B42508E2C965B /* CDVCompass.m */; };
		EBB0F03DF1E445E09ED4210A /* CDVNotification.m in Sources */ = {isa = PBXBuildFile; fileRef = E6DC28A83EE94ADEB2DEF165 /* CDVNotification.m */; };
		798313EBD5F241B1BB438398 /* CDVNotification.bundle in Resources */ = {isa = PBXBuildFile; fileRef = 61D4792B69F84E5EB30D1825 /* CDVNotification.bundle */; };
		A60B9091B1314BE29D22B1FA /* AudioToolbox.framework in Frameworks */ = {isa = PBXBuildFile; fileRef = D731ED4FFFC948AABF33535D /* AudioToolbox.framework */; settings = {ATTRIBUTES = (Weak, ); }; };
		47157A04AB3D48C4807FAA25 /* CDVFile.m in Sources */ = {isa = PBXBuildFile; fileRef = 1242A3ED82424EEFAEBE6585 /* CDVFile.m */; };
		ABB6B052FA274D378CA2D302 /* CDVLocalFilesystem.m in Sources */ = {isa = PBXBuildFile; fileRef = 07A8EAA56DBB4B80A2CB87EC /* CDVLocalFilesystem.m */; };
		E5CCD2B6BD504BCDBB65DC0B /* CDVAssetLibraryFilesystem.m in Sources */ = {isa = PBXBuildFile; fileRef = 6EFDE79818D04026A812F9F4 /* CDVAssetLibraryFilesystem.m */; };
		0E5F2B02CE694B798EC1D2B1 /* CDVFileTransfer.m in Sources */ = {isa = PBXBuildFile; fileRef = 15EAC29CF5A64B89BD92A546 /* CDVFileTransfer.m */; };
		C1486A2406404A249BAFDFA8 /* CDVLocation.m in Sources */ = {isa = PBXBuildFile; fileRef = FB3890E6BD3A4A67BA5AC75B /* CDVLocation.m */; };
		EBE5D79F47EE441FAC300AB7 /* CDVGlobalization.m in Sources */ = {isa = PBXBuildFile; fileRef = B07C6ABCD4714DF48E45C180 /* CDVGlobalization.m */; };
		41EE27FE8BA143D19FE3A84B /* CDVInAppBrowser.m in Sources */ = {isa = PBXBuildFile; fileRef = FA2961800A4341BBADDF3343 /* CDVInAppBrowser.m */; };
		FE3CE29942744F40AC07BE25 /* CDVSound.m in Sources */ = {isa = PBXBuildFile; fileRef = ED245BEC59534268944434E1 /* CDVSound.m */; };
		A090DDAFA3324763B798B9B0 /* CDVCapture.m in Sources */ = {isa = PBXBuildFile; fileRef = 430F599EBF5648678FFF5FE4 /* CDVCapture.m */; };
		BD7D49C584184FFE85F5D825 /* CDVCapture.bundle in Resources */ = {isa = PBXBuildFile; fileRef = C83519A1743C48B89145C6A7 /* CDVCapture.bundle */; };
		64A51E7809D84D3FBEC16946 /* CDVConnection.m in Sources */ = {isa = PBXBuildFile; fileRef = 482E0852463F45ABA0CDFF77 /* CDVConnection.m */; };
		85978A97A07E4BAB90A9119F /* CDVReachability.m in Sources */ = {isa = PBXBuildFile; fileRef = D7A54A833DCB4982B8750215 /* CDVReachability.m */; };
		1C13F2EAF4284D06B90551C8 /* SystemConfiguration.framework in Frameworks */ = {isa = PBXBuildFile; fileRef = 44521EB15F52405E8701ABF2 /* SystemConfiguration.framework */; settings = {ATTRIBUTES = (Weak, ); }; };
		5A03542614104A14A3B48490 /* CoreTelephony.framework in Frameworks */ = {isa = PBXBuildFile; fileRef = 4958F563D19F48919316DE13 /* CoreTelephony.framework */; };
		0C6B41F9CCDB4F5C9BAF71D1 /* CDVSplashScreen.m in Sources */ = {isa = PBXBuildFile; fileRef = A1B2810A35A94E1DA8C29BE8 /* CDVSplashScreen.m */; };
		1BA70237EC304982B5CC93BE /* CDVViewController+SplashScreen.m in Sources */ = {isa = PBXBuildFile; fileRef = BB63CCE22DCC4993B1E530F9 /* CDVViewController+SplashScreen.m */; };
		5DA691637D204B1F8E97A954 /* CDVStatusBar.m in Sources */ = {isa = PBXBuildFile; fileRef = 2437BFAA9E554D6F822673CC /* CDVStatusBar.m */; };
		31EBCC71E8B2489CB3D4FB2D /* CDVVibration.m in Sources */ = {isa = PBXBuildFile; fileRef = C7067CDBCA084EA3AD931C53 /* CDVVibration.m */; };
/* End PBXBuildFile section */

/* Begin PBXContainerItemProxy section */
		301BF534109A57CC0062928A /* PBXContainerItemProxy */ = {
			isa = PBXContainerItemProxy;
			containerPortal = 301BF52D109A57CC0062928A /* CordovaLib.xcodeproj */;
			proxyType = 2;
			remoteGlobalIDString = D2AAC07E0554694100DB518D;
			remoteInfo = CordovaLib;
		};
		301BF550109A68C00062928A /* PBXContainerItemProxy */ = {
			isa = PBXContainerItemProxy;
			containerPortal = 301BF52D109A57CC0062928A /* CordovaLib.xcodeproj */;
			proxyType = 1;
			remoteGlobalIDString = D2AAC07D0554694100DB518D;
			remoteInfo = CordovaLib;
		};
/* End PBXContainerItemProxy section */

/* Begin PBXFileReference section */
		0207DA571B56EA530066E2B4 /* Images.xcassets */ = {isa = PBXFileReference; lastKnownFileType = folder.assetcatalog; name = Images.xcassets; path = "Hello World/Images.xcassets"; sourceTree = SOURCE_ROOT; };
		1D3623240D0F684500981E51 /* AppDelegate.h */ = {isa = PBXFileReference; fileEncoding = 4; lastKnownFileType = sourcecode.c.h; path = AppDelegate.h; sourceTree = "<group>"; };
		1D3623250D0F684500981E51 /* AppDelegate.m */ = {isa = PBXFileReference; fileEncoding = 4; lastKnownFileType = sourcecode.c.objc; path = AppDelegate.m; sourceTree = "<group>"; };
		1D6058910D05DD3D006BFB54 /* Hello World.app */ = {isa = PBXFileReference; explicitFileType = wrapper.application; includeInIndex = 0; path = "Hello World.app"; sourceTree = BUILT_PRODUCTS_DIR; };
		29B97316FDCFA39411CA2CEA /* main.m */ = {isa = PBXFileReference; fileEncoding = 4; lastKnownFileType = sourcecode.c.objc; path = main.m; sourceTree = "<group>"; };
		301BF52D109A57CC0062928A /* CordovaLib.xcodeproj */ = {isa = PBXFileReference; lastKnownFileType = "wrapper.pb-project"; name = CordovaLib.xcodeproj; path = CordovaLib/CordovaLib.xcodeproj; sourceTree = "<group>"; };
		301BF56E109A69640062928A /* www */ = {isa = PBXFileReference; lastKnownFileType = folder; path = www; sourceTree = SOURCE_ROOT; };
		302D95EE14D2391D003F00A1 /* MainViewController.h */ = {isa = PBXFileReference; fileEncoding = 4; lastKnownFileType = sourcecode.c.h; path = MainViewController.h; sourceTree = "<group>"; };
		302D95EF14D2391D003F00A1 /* MainViewController.m */ = {isa = PBXFileReference; fileEncoding = 4; lastKnownFileType = sourcecode.c.objc; path = MainViewController.m; sourceTree = "<group>"; };
		302D95F014D2391D003F00A1 /* MainViewController.xib */ = {isa = PBXFileReference; fileEncoding = 4; lastKnownFileType = file.xib; path = MainViewController.xib; sourceTree = "<group>"; };
		3047A50F1AB8059700498E2A /* build-debug.xcconfig */ = {isa = PBXFileReference; fileEncoding = 4; lastKnownFileType = text.xcconfig; name = "build-debug.xcconfig"; path = cordova/build-debug.xcconfig; sourceTree = SOURCE_ROOT; };
		3047A5101AB8059700498E2A /* build-release.xcconfig */ = {isa = PBXFileReference; fileEncoding = 4; lastKnownFileType = text.xcconfig; name = "build-release.xcconfig"; path = cordova/build-release.xcconfig; sourceTree = SOURCE_ROOT; };
		3047A5111AB8059700498E2A /* build.xcconfig */ = {isa = PBXFileReference; fileEncoding = 4; lastKnownFileType = text.xcconfig; name = build.xcconfig; path = cordova/build.xcconfig; sourceTree = SOURCE_ROOT; };
		32CA4F630368D1EE00C91783 /* Hello World-Prefix.pch */ = {isa = PBXFileReference; fileEncoding = 4; lastKnownFileType = sourcecode.c.h; path = "Hello World-Prefix.pch"; sourceTree = "<group>"; };
		8D1107310486CEB800E47090 /* Hello World-Info.plist */ = {isa = PBXFileReference; fileEncoding = 4; lastKnownFileType = text.plist.xml; name = "Hello World-Info.plist"; path = "Hello World/Hello World-Info.plist"; plistStructureDefinitionIdentifier = "com.apple.xcode.plist.structure-definition.iphone.info-plist"; sourceTree = SOURCE_ROOT; };
		EB87FDF31871DA8E0020F90C /* www */ = {isa = PBXFileReference; lastKnownFileType = folder; name = www; path = ../../www; sourceTree = "<group>"; };
		EB87FDF41871DAF40020F90C /* config.xml */ = {isa = PBXFileReference; lastKnownFileType = text.xml; name = config.xml; path = ../../config.xml; sourceTree = "<group>"; };
		F840E1F0165FE0F500CFE078 /* config.xml */ = {isa = PBXFileReference; lastKnownFileType = text.xml; name = config.xml; path = "Hello World/config.xml"; sourceTree = "<group>"; };
		ED33DF2A687741AEAF9F8254 /* Bridging-Header.h */ = {isa = PBXFileReference; fileEncoding = 4; lastKnownFileType = sourcecode.c.h; name = "Bridging-Header.h"; path = "Bridging-Header.h"; sourceTree = "<group>"; };
		B011F4E25B6B43879AB69B78 /* CDVClipboard.m */ = {isa = PBXFileReference; name = "CDVClipboard.m"; path = "com.verso.cordova.clipboard/CDVClipboard.m"; sourceTree = "<group>"; fileEncoding = 4; lastKnownFileType = sourcecode.c.objc; explicitFileType = undefined; includeInIndex = 0; };
		E7B71D83395F409199F9F161 /* CDVClipboard.h */ = {isa = PBXFileReference; name = "CDVClipboard.h"; path = "com.verso.cordova.clipboard/CDVClipboard.h"; sourceTree = "<group>"; fileEncoding = 4; lastKnownFileType = sourcecode.c.h; explicitFileType = undefined; includeInIndex = 0; };
		D3D3AAD5B60342EF819519B3 /* CDVBattery.m */ = {isa = PBXFileReference; name = "CDVBattery.m"; path = "cordova-plugin-battery-status/CDVBattery.m"; sourceTree = "<group>"; fileEncoding = 4; lastKnownFileType = sourcecode.c.objc; explicitFileType = undefined; includeInIndex = 0; };
		F99F54AB779841B4A5B29FA9 /* CDVBattery.h */ = {isa = PBXFileReference; name = "CDVBattery.h"; path = "cordova-plugin-battery-status/CDVBattery.h"; sourceTree = "<group>"; fileEncoding = 4; lastKnownFileType = sourcecode.c.h; explicitFileType = undefined; includeInIndex = 0; };
		2408E1F48717421CA6B49F7E /* UIImage+CropScaleOrientation.m */ = {isa = PBXFileReference; name = "UIImage+CropScaleOrientation.m"; path = "cordova-plugin-camera/UIImage+CropScaleOrientation.m"; sourceTree = "<group>"; fileEncoding = 4; lastKnownFileType = sourcecode.c.objc; explicitFileType = undefined; includeInIndex = 0; };
		C2CCBD8D58DC4AFD87F60D06 /* CDVCamera.m */ = {isa = PBXFileReference; name = "CDVCamera.m"; path = "cordova-plugin-camera/CDVCamera.m"; sourceTree = "<group>"; fileEncoding = 4; lastKnownFileType = sourcecode.c.objc; explicitFileType = undefined; includeInIndex = 0; };
		696CC190071046039AB8B605 /* CDVJpegHeaderWriter.m */ = {isa = PBXFileReference; name = "CDVJpegHeaderWriter.m"; path = "cordova-plugin-camera/CDVJpegHeaderWriter.m"; sourceTree = "<group>"; fileEncoding = 4; lastKnownFileType = sourcecode.c.objc; explicitFileType = undefined; includeInIndex = 0; };
		64C05FD3D4B84E37A003E154 /* UIImage+CropScaleOrientation.h */ = {isa = PBXFileReference; name = "UIImage+CropScaleOrientation.h"; path = "cordova-plugin-camera/UIImage+CropScaleOrientation.h"; sourceTree = "<group>"; fileEncoding = 4; lastKnownFileType = sourcecode.c.h; explicitFileType = undefined; includeInIndex = 0; };
		31759411C5CB423BA11F98E4 /* CDVCamera.h */ = {isa = PBXFileReference; name = "CDVCamera.h"; path = "cordova-plugin-camera/CDVCamera.h"; sourceTree = "<group>"; fileEncoding = 4; lastKnownFileType = sourcecode.c.h; explicitFileType = undefined; includeInIndex = 0; };
		3F5EBC96EAE04C85B2CB4543 /* CDVJpegHeaderWriter.h */ = {isa = PBXFileReference; name = "CDVJpegHeaderWriter.h"; path = "cordova-plugin-camera/CDVJpegHeaderWriter.h"; sourceTree = "<group>"; fileEncoding = 4; lastKnownFileType = sourcecode.c.h; explicitFileType = undefined; includeInIndex = 0; };
		5B5C6E47F4DF4243984E3802 /* CDVExif.h */ = {isa = PBXFileReference; name = "CDVExif.h"; path = "cordova-plugin-camera/CDVExif.h"; sourceTree = "<group>"; fileEncoding = 4; lastKnownFileType = sourcecode.c.h; explicitFileType = undefined; includeInIndex = 0; };
		DF8C7BA1961D4E2FB88D3FEB /* ImageIO.framework */ = {isa = PBXFileReference; name = "ImageIO.framework"; path = "System/Library/Frameworks/ImageIO.framework"; sourceTree = SDKROOT; fileEncoding = undefined; lastKnownFileType = wrapper.framework; explicitFileType = undefined; includeInIndex = 0; };
		6B0B341CA78D4101A80AD7DD /* CoreLocation.framework */ = {isa = PBXFileReference; name = "CoreLocation.framework"; path = "System/Library/Frameworks/CoreLocation.framework"; sourceTree = SDKROOT; fileEncoding = undefined; lastKnownFileType = wrapper.framework; explicitFileType = undefined; includeInIndex = 0; };
		9E126F671308465EB7025570 /* AVFoundation.framework */ = {isa = PBXFileReference; name = "AVFoundation.framework"; path = "System/Library/Frameworks/AVFoundation.framework"; sourceTree = SDKROOT; fileEncoding = undefined; lastKnownFileType = wrapper.framework; explicitFileType = undefined; includeInIndex = 0; };
		4359AE9726B646ABBA253742 /* CDVLogger.m */ = {isa = PBXFileReference; name = "CDVLogger.m"; path = "cordova-plugin-console/CDVLogger.m"; sourceTree = "<group>"; fileEncoding = 4; lastKnownFileType = sourcecode.c.objc; explicitFileType = undefined; includeInIndex = 0; };
		0F5502414F294621888CDDEC /* CDVLogger.h */ = {isa = PBXFileReference; name = "CDVLogger.h"; path = "cordova-plugin-console/CDVLogger.h"; sourceTree = "<group>"; fileEncoding = 4; lastKnownFileType = sourcecode.c.h; explicitFileType = undefined; includeInIndex = 0; };
		42EC7F8C039F40C9897A64B1 /* CDVContacts.m */ = {isa = PBXFileReference; name = "CDVContacts.m"; path = "cordova-plugin-contacts/CDVContacts.m"; sourceTree = "<group>"; fileEncoding = 4; lastKnownFileType = sourcecode.c.objc; explicitFileType = undefined; includeInIndex = 0; };
		DFFD89A8D6C94F2EB1327369 /* CDVContact.m */ = {isa = PBXFileReference; name = "CDVContact.m"; path = "cordova-plugin-contacts/CDVContact.m"; sourceTree = "<group>"; fileEncoding = 4; lastKnownFileType = sourcecode.c.objc; explicitFileType = undefined; includeInIndex = 0; };
		73F973E066C84FC8B1E96896 /* CDVContacts.h */ = {isa = PBXFileReference; name = "CDVContacts.h"; path = "cordova-plugin-contacts/CDVContacts.h"; sourceTree = "<group>"; fileEncoding = 4; lastKnownFileType = sourcecode.c.h; explicitFileType = undefined; includeInIndex = 0; };
		88AF5893857541E28ED28E0D /* CDVContact.h */ = {isa = PBXFileReference; name = "CDVContact.h"; path = "cordova-plugin-contacts/CDVContact.h"; sourceTree = "<group>"; fileEncoding = 4; lastKnownFileType = sourcecode.c.h; explicitFileType = undefined; includeInIndex = 0; };
		AFD9F694F4D042B082DC9FE1 /* AddressBook.framework */ = {isa = PBXFileReference; name = "AddressBook.framework"; path = "System/Library/Frameworks/AddressBook.framework"; sourceTree = SDKROOT; fileEncoding = undefined; lastKnownFileType = wrapper.framework; explicitFileType = undefined; includeInIndex = 0; };
		E6184898B3D24A83B04C9C5D /* AddressBookUI.framework */ = {isa = PBXFileReference; name = "AddressBookUI.framework"; path = "System/Library/Frameworks/AddressBookUI.framework"; sourceTree = SDKROOT; fileEncoding = undefined; lastKnownFileType = wrapper.framework; explicitFileType = undefined; includeInIndex = 0; };
		3C5D0883CC5642CB9D4FDC5C /* CDVDevice.m */ = {isa = PBXFileReference; name = "CDVDevice.m"; path = "cordova-plugin-device/CDVDevice.m"; sourceTree = "<group>"; fileEncoding = 4; lastKnownFileType = sourcecode.c.objc; explicitFileType = undefined; includeInIndex = 0; };
		B4924C39EBBF4F3DA35405D5 /* CDVDevice.h */ = {isa = PBXFileReference; name = "CDVDevice.h"; path = "cordova-plugin-device/CDVDevice.h"; sourceTree = "<group>"; fileEncoding = 4; lastKnownFileType = sourcecode.c.h; explicitFileType = undefined; includeInIndex = 0; };
		3AAB981A14604EE19BECC95D /* CDVAccelerometer.m */ = {isa = PBXFileReference; name = "CDVAccelerometer.m"; path = "cordova-plugin-device-motion/CDVAccelerometer.m"; sourceTree = "<group>"; fileEncoding = 4; lastKnownFileType = sourcecode.c.objc; explicitFileType = undefined; includeInIndex = 0; };
		7E40F4A9F7FC4100A343481D /* CDVAccelerometer.h */ = {isa = PBXFileReference; name = "CDVAccelerometer.h"; path = "cordova-plugin-device-motion/CDVAccelerometer.h"; sourceTree = "<group>"; fileEncoding = 4; lastKnownFileType = sourcecode.c.h; explicitFileType = undefined; includeInIndex = 0; };
		9725133FC6FE4451938A9C0D /* CoreMotion.framework */ = {isa = PBXFileReference; name = "CoreMotion.framework"; path = "System/Library/Frameworks/CoreMotion.framework"; sourceTree = SDKROOT; fileEncoding = undefined; lastKnownFileType = wrapper.framework; explicitFileType = undefined; includeInIndex = 0; };
		0F7F1F0F2C5B42508E2C965B /* CDVCompass.m */ = {isa = PBXFileReference; name = "CDVCompass.m"; path = "cordova-plugin-device-orientation/CDVCompass.m"; sourceTree = "<group>"; fileEncoding = 4; lastKnownFileType = sourcecode.c.objc; explicitFileType = undefined; includeInIndex = 0; };
		4067EAC9CE274245B25DA4CC /* CDVCompass.h */ = {isa = PBXFileReference; name = "CDVCompass.h"; path = "cordova-plugin-device-orientation/CDVCompass.h"; sourceTree = "<group>"; fileEncoding = 4; lastKnownFileType = sourcecode.c.h; explicitFileType = undefined; includeInIndex = 0; };
		E6DC28A83EE94ADEB2DEF165 /* CDVNotification.m */ = {isa = PBXFileReference; name = "CDVNotification.m"; path = "cordova-plugin-dialogs/CDVNotification.m"; sourceTree = "<group>"; fileEncoding = 4; lastKnownFileType = sourcecode.c.objc; explicitFileType = undefined; includeInIndex = 0; };
		CB1AEEC967854E27AEF9438F /* CDVNotification.h */ = {isa = PBXFileReference; name = "CDVNotification.h"; path = "cordova-plugin-dialogs/CDVNotification.h"; sourceTree = "<group>"; fileEncoding = 4; lastKnownFileType = sourcecode.c.h; explicitFileType = undefined; includeInIndex = 0; };
		61D4792B69F84E5EB30D1825 /* CDVNotification.bundle */ = {isa = PBXFileReference; name = "CDVNotification.bundle"; path = "CDVNotification.bundle"; sourceTree = "<group>"; fileEncoding = undefined; lastKnownFileType = wrapper.plug-in; explicitFileType = undefined; includeInIndex = 0; };
		D731ED4FFFC948AABF33535D /* AudioToolbox.framework */ = {isa = PBXFileReference; name = "AudioToolbox.framework"; path = "System/Library/Frameworks/AudioToolbox.framework"; sourceTree = SDKROOT; fileEncoding = undefined; lastKnownFileType = wrapper.framework; explicitFileType = undefined; includeInIndex = 0; };
		1242A3ED82424EEFAEBE6585 /* CDVFile.m */ = {isa = PBXFileReference; name = "CDVFile.m"; path = "cordova-plugin-file/CDVFile.m"; sourceTree = "<group>"; fileEncoding = 4; lastKnownFileType = sourcecode.c.objc; explicitFileType = undefined; includeInIndex = 0; };
		07A8EAA56DBB4B80A2CB87EC /* CDVLocalFilesystem.m */ = {isa = PBXFileReference; name = "CDVLocalFilesystem.m"; path = "cordova-plugin-file/CDVLocalFilesystem.m"; sourceTree = "<group>"; fileEncoding = 4; lastKnownFileType = sourcecode.c.objc; explicitFileType = undefined; includeInIndex = 0; };
		6EFDE79818D04026A812F9F4 /* CDVAssetLibraryFilesystem.m */ = {isa = PBXFileReference; name = "CDVAssetLibraryFilesystem.m"; path = "cordova-plugin-file/CDVAssetLibraryFilesystem.m"; sourceTree = "<group>"; fileEncoding = 4; lastKnownFileType = sourcecode.c.objc; explicitFileType = undefined; includeInIndex = 0; };
		DFC956186A2144C0868F8E5C /* CDVFile.h */ = {isa = PBXFileReference; name = "CDVFile.h"; path = "cordova-plugin-file/CDVFile.h"; sourceTree = "<group>"; fileEncoding = 4; lastKnownFileType = sourcecode.c.h; explicitFileType = undefined; includeInIndex = 0; };
		B560113F3A684756BF9EA900 /* CDVLocalFilesystem.h */ = {isa = PBXFileReference; name = "CDVLocalFilesystem.h"; path = "cordova-plugin-file/CDVLocalFilesystem.h"; sourceTree = "<group>"; fileEncoding = 4; lastKnownFileType = sourcecode.c.h; explicitFileType = undefined; includeInIndex = 0; };
		5576F9B0522F496BA3A1E56D /* CDVAssetLibraryFilesystem.h */ = {isa = PBXFileReference; name = "CDVAssetLibraryFilesystem.h"; path = "cordova-plugin-file/CDVAssetLibraryFilesystem.h"; sourceTree = "<group>"; fileEncoding = 4; lastKnownFileType = sourcecode.c.h; explicitFileType = undefined; includeInIndex = 0; };
		15EAC29CF5A64B89BD92A546 /* CDVFileTransfer.m */ = {isa = PBXFileReference; name = "CDVFileTransfer.m"; path = "cordova-plugin-file-transfer/CDVFileTransfer.m"; sourceTree = "<group>"; fileEncoding = 4; lastKnownFileType = sourcecode.c.objc; explicitFileType = undefined; includeInIndex = 0; };
		509985D839BA4CD6A137EE32 /* CDVFileTransfer.h */ = {isa = PBXFileReference; name = "CDVFileTransfer.h"; path = "cordova-plugin-file-transfer/CDVFileTransfer.h"; sourceTree = "<group>"; fileEncoding = 4; lastKnownFileType = sourcecode.c.h; explicitFileType = undefined; includeInIndex = 0; };
		FB3890E6BD3A4A67BA5AC75B /* CDVLocation.m */ = {isa = PBXFileReference; name = "CDVLocation.m"; path = "cordova-plugin-geolocation/CDVLocation.m"; sourceTree = "<group>"; fileEncoding = 4; lastKnownFileType = sourcecode.c.objc; explicitFileType = undefined; includeInIndex = 0; };
		5384B355D961432AA1EECF98 /* CDVLocation.h */ = {isa = PBXFileReference; name = "CDVLocation.h"; path = "cordova-plugin-geolocation/CDVLocation.h"; sourceTree = "<group>"; fileEncoding = 4; lastKnownFileType = sourcecode.c.h; explicitFileType = undefined; includeInIndex = 0; };
		B07C6ABCD4714DF48E45C180 /* CDVGlobalization.m */ = {isa = PBXFileReference; name = "CDVGlobalization.m"; path = "cordova-plugin-globalization/CDVGlobalization.m"; sourceTree = "<group>"; fileEncoding = 4; lastKnownFileType = sourcecode.c.objc; explicitFileType = undefined; includeInIndex = 0; };
		61FB2FE3EA4E4C4CB9CB2E73 /* CDVGlobalization.h */ = {isa = PBXFileReference; name = "CDVGlobalization.h"; path = "cordova-plugin-globalization/CDVGlobalization.h"; sourceTree = "<group>"; fileEncoding = 4; lastKnownFileType = sourcecode.c.h; explicitFileType = undefined; includeInIndex = 0; };
		FA2961800A4341BBADDF3343 /* CDVInAppBrowser.m */ = {isa = PBXFileReference; name = "CDVInAppBrowser.m"; path = "cordova-plugin-inappbrowser/CDVInAppBrowser.m"; sourceTree = "<group>"; fileEncoding = 4; lastKnownFileType = sourcecode.c.objc; explicitFileType = undefined; includeInIndex = 0; };
		C929A01CD4014062A796F10F /* CDVInAppBrowser.h */ = {isa = PBXFileReference; name = "CDVInAppBrowser.h"; path = "cordova-plugin-inappbrowser/CDVInAppBrowser.h"; sourceTree = "<group>"; fileEncoding = 4; lastKnownFileType = sourcecode.c.h; explicitFileType = undefined; includeInIndex = 0; };
		ED245BEC59534268944434E1 /* CDVSound.m */ = {isa = PBXFileReference; name = "CDVSound.m"; path = "cordova-plugin-media/CDVSound.m"; sourceTree = "<group>"; fileEncoding = 4; lastKnownFileType = sourcecode.c.objc; explicitFileType = undefined; includeInIndex = 0; };
		BDBF5FA4D2D24A64AEC572C0 /* CDVSound.h */ = {isa = PBXFileReference; name = "CDVSound.h"; path = "cordova-plugin-media/CDVSound.h"; sourceTree = "<group>"; fileEncoding = 4; lastKnownFileType = sourcecode.c.h; explicitFileType = undefined; includeInIndex = 0; };
		430F599EBF5648678FFF5FE4 /* CDVCapture.m */ = {isa = PBXFileReference; name = "CDVCapture.m"; path = "cordova-plugin-media-capture/CDVCapture.m"; sourceTree = "<group>"; fileEncoding = 4; lastKnownFileType = sourcecode.c.objc; explicitFileType = undefined; includeInIndex = 0; };
		761428F32223473D9D22EDF6 /* CDVCapture.h */ = {isa = PBXFileReference; name = "CDVCapture.h"; path = "cordova-plugin-media-capture/CDVCapture.h"; sourceTree = "<group>"; fileEncoding = 4; lastKnownFileType = sourcecode.c.h; explicitFileType = undefined; includeInIndex = 0; };
		C83519A1743C48B89145C6A7 /* CDVCapture.bundle */ = {isa = PBXFileReference; name = "CDVCapture.bundle"; path = "CDVCapture.bundle"; sourceTree = "<group>"; fileEncoding = undefined; lastKnownFileType = wrapper.plug-in; explicitFileType = undefined; includeInIndex = 0; };
		482E0852463F45ABA0CDFF77 /* CDVConnection.m */ = {isa = PBXFileReference; name = "CDVConnection.m"; path = "cordova-plugin-network-information/CDVConnection.m"; sourceTree = "<group>"; fileEncoding = 4; lastKnownFileType = sourcecode.c.objc; explicitFileType = undefined; includeInIndex = 0; };
		D7A54A833DCB4982B8750215 /* CDVReachability.m */ = {isa = PBXFileReference; name = "CDVReachability.m"; path = "cordova-plugin-network-information/CDVReachability.m"; sourceTree = "<group>"; fileEncoding = 4; lastKnownFileType = sourcecode.c.objc; explicitFileType = undefined; includeInIndex = 0; };
		F88C0468B20A42D8A212697A /* CDVConnection.h */ = {isa = PBXFileReference; name = "CDVConnection.h"; path = "cordova-plugin-network-information/CDVConnection.h"; sourceTree = "<group>"; fileEncoding = 4; lastKnownFileType = sourcecode.c.h; explicitFileType = undefined; includeInIndex = 0; };
		1BE9CA5046A5455DA6788692 /* CDVReachability.h */ = {isa = PBXFileReference; name = "CDVReachability.h"; path = "cordova-plugin-network-information/CDVReachability.h"; sourceTree = "<group>"; fileEncoding = 4; lastKnownFileType = sourcecode.c.h; explicitFileType = undefined; includeInIndex = 0; };
		44521EB15F52405E8701ABF2 /* SystemConfiguration.framework */ = {isa = PBXFileReference; name = "SystemConfiguration.framework"; path = "System/Library/Frameworks/SystemConfiguration.framework"; sourceTree = SDKROOT; fileEncoding = undefined; lastKnownFileType = wrapper.framework; explicitFileType = undefined; includeInIndex = 0; };
		4958F563D19F48919316DE13 /* CoreTelephony.framework */ = {isa = PBXFileReference; name = "CoreTelephony.framework"; path = "System/Library/Frameworks/CoreTelephony.framework"; sourceTree = SDKROOT; fileEncoding = undefined; lastKnownFileType = wrapper.framework; explicitFileType = undefined; includeInIndex = 0; };
		A1B2810A35A94E1DA8C29BE8 /* CDVSplashScreen.m */ = {isa = PBXFileReference; name = "CDVSplashScreen.m"; path = "cordova-plugin-splashscreen/CDVSplashScreen.m"; sourceTree = "<group>"; fileEncoding = 4; lastKnownFileType = sourcecode.c.objc; explicitFileType = undefined; includeInIndex = 0; };
		BB63CCE22DCC4993B1E530F9 /* CDVViewController+SplashScreen.m */ = {isa = PBXFileReference; name = "CDVViewController+SplashScreen.m"; path = "cordova-plugin-splashscreen/CDVViewController+SplashScreen.m"; sourceTree = "<group>"; fileEncoding = 4; lastKnownFileType = sourcecode.c.objc; explicitFileType = undefined; includeInIndex = 0; };
		3B8745906AA4404A88212E2D /* CDVSplashScreen.h */ = {isa = PBXFileReference; name = "CDVSplashScreen.h"; path = "cordova-plugin-splashscreen/CDVSplashScreen.h"; sourceTree = "<group>"; fileEncoding = 4; lastKnownFileType = sourcecode.c.h; explicitFileType = undefined; includeInIndex = 0; };
		4E74856EAED54E9597B852B9 /* CDVViewController+SplashScreen.h */ = {isa = PBXFileReference; name = "CDVViewController+SplashScreen.h"; path = "cordova-plugin-splashscreen/CDVViewController+SplashScreen.h"; sourceTree = "<group>"; fileEncoding = 4; lastKnownFileType = sourcecode.c.h; explicitFileType = undefined; includeInIndex = 0; };
		2437BFAA9E554D6F822673CC /* CDVStatusBar.m */ = {isa = PBXFileReference; name = "CDVStatusBar.m"; path = "cordova-plugin-statusbar/CDVStatusBar.m"; sourceTree = "<group>"; fileEncoding = 4; lastKnownFileType = sourcecode.c.objc; explicitFileType = undefined; includeInIndex = 0; };
		8C7F555AA6B147BEBC3A9919 /* CDVStatusBar.h */ = {isa = PBXFileReference; name = "CDVStatusBar.h"; path = "cordova-plugin-statusbar/CDVStatusBar.h"; sourceTree = "<group>"; fileEncoding = 4; lastKnownFileType = sourcecode.c.h; explicitFileType = undefined; includeInIndex = 0; };
		C7067CDBCA084EA3AD931C53 /* CDVVibration.m */ = {isa = PBXFileReference; name = "CDVVibration.m"; path = "cordova-plugin-vibration/CDVVibration.m"; sourceTree = "<group>"; fileEncoding = 4; lastKnownFileType = sourcecode.c.objc; explicitFileType = undefined; includeInIndex = 0; };
		811C75D0E9BB45EC97E93C58 /* CDVVibration.h */ = {isa = PBXFileReference; name = "CDVVibration.h"; path = "cordova-plugin-vibration/CDVVibration.h"; sourceTree = "<group>"; fileEncoding = 4; lastKnownFileType = sourcecode.c.h; explicitFileType = undefined; includeInIndex = 0; };
/* End PBXFileReference section */

/* Begin PBXFrameworksBuildPhase section */
		1D60588F0D05DD3D006BFB54 /* Frameworks */ = {
			isa = PBXFrameworksBuildPhase;
			buildActionMask = 2147483647;
			files = (
				301BF552109A68D80062928A /* libCordova.a in Frameworks */,
				EA8E8814B41E4A29989B93BC /* ImageIO.framework in Frameworks */,
				2F701359663B452BA0CCA052 /* CoreLocation.framework in Frameworks */,
				45EFDC03653048EBB8819561 /* AVFoundation.framework in Frameworks */,
				05BE96CF16A64DD2A045E8DC /* AddressBook.framework in Frameworks */,
				58045B70F6F94400B00DE3E6 /* AddressBookUI.framework in Frameworks */,
				EAF1CD9B4DAC48FFBD18B2F0 /* CoreMotion.framework in Frameworks */,
				A60B9091B1314BE29D22B1FA /* AudioToolbox.framework in Frameworks */,
				1C13F2EAF4284D06B90551C8 /* SystemConfiguration.framework in Frameworks */,
				5A03542614104A14A3B48490 /* CoreTelephony.framework in Frameworks */,
			);
			runOnlyForDeploymentPostprocessing = 0;
		};
/* End PBXFrameworksBuildPhase section */

/* Begin PBXGroup section */
		080E96DDFE201D6D7F000001 /* Classes */ = {
			isa = PBXGroup;
			children = (
				302D95EE14D2391D003F00A1 /* MainViewController.h */,
				302D95EF14D2391D003F00A1 /* MainViewController.m */,
				302D95F014D2391D003F00A1 /* MainViewController.xib */,
				1D3623240D0F684500981E51 /* AppDelegate.h */,
				1D3623250D0F684500981E51 /* AppDelegate.m */,
			);
			name = Classes;
			path = "Hello World/Classes";
			sourceTree = SOURCE_ROOT;
		};
		19C28FACFE9D520D11CA2CBB /* Products */ = {
			isa = PBXGroup;
			children = (
				1D6058910D05DD3D006BFB54 /* Hello World.app */,
			);
			name = Products;
			sourceTree = "<group>";
		};
		29B97314FDCFA39411CA2CEA /* CustomTemplate */ = {
			isa = PBXGroup;
			children = (
				EB87FDF41871DAF40020F90C /* config.xml */,
				EB87FDF31871DA8E0020F90C /* www */,
				EB87FDF11871DA420020F90C /* Staging */,
				301BF52D109A57CC0062928A /* CordovaLib.xcodeproj */,
				080E96DDFE201D6D7F000001 /* Classes */,
				307C750510C5A3420062BCA9 /* Plugins */,
				29B97315FDCFA39411CA2CEA /* Other Sources */,
				29B97317FDCFA39411CA2CEA /* Resources */,
				29B97323FDCFA39411CA2CEA /* Frameworks */,
				19C28FACFE9D520D11CA2CBB /* Products */,
			);
			name = CustomTemplate;
			sourceTree = "<group>";
		};
		29B97315FDCFA39411CA2CEA /* Other Sources */ = {
			isa = PBXGroup;
			children = (
				32CA4F630368D1EE00C91783 /* Hello World-Prefix.pch */,
				29B97316FDCFA39411CA2CEA /* main.m */,
				ED33DF2A687741AEAF9F8254 /* Bridging-Header.h */,
			);
			name = "Other Sources";
			path = "Hello World";
			sourceTree = "<group>";
		};
		29B97317FDCFA39411CA2CEA /* Resources */ = {
			isa = PBXGroup;
			children = (
				0207DA571B56EA530066E2B4 /* Images.xcassets */,
				3047A50E1AB8057F00498E2A /* config */,
				8D1107310486CEB800E47090 /* Hello World-Info.plist */,
				61D4792B69F84E5EB30D1825 /* CDVNotification.bundle */,
				C83519A1743C48B89145C6A7 /* CDVCapture.bundle */,
			);
			name = Resources;
			path = "Hello World/Resources";
			sourceTree = "<group>";
		};
		29B97323FDCFA39411CA2CEA /* Frameworks */ = {
			isa = PBXGroup;
			children = (
				DF8C7BA1961D4E2FB88D3FEB /* ImageIO.framework */,
				6B0B341CA78D4101A80AD7DD /* CoreLocation.framework */,
				9E126F671308465EB7025570 /* AVFoundation.framework */,
				AFD9F694F4D042B082DC9FE1 /* AddressBook.framework */,
				E6184898B3D24A83B04C9C5D /* AddressBookUI.framework */,
				9725133FC6FE4451938A9C0D /* CoreMotion.framework */,
				D731ED4FFFC948AABF33535D /* AudioToolbox.framework */,
				44521EB15F52405E8701ABF2 /* SystemConfiguration.framework */,
				4958F563D19F48919316DE13 /* CoreTelephony.framework */,
			);
			name = Frameworks;
			sourceTree = "<group>";
		};
		301BF52E109A57CC0062928A /* Products */ = {
			isa = PBXGroup;
			children = (
				301BF535109A57CC0062928A /* libCordova.a */,
			);
			name = Products;
			sourceTree = "<group>";
		};
		3047A50E1AB8057F00498E2A /* config */ = {
			isa = PBXGroup;
			children = (
				3047A50F1AB8059700498E2A /* build-debug.xcconfig */,
				3047A5101AB8059700498E2A /* build-release.xcconfig */,
				3047A5111AB8059700498E2A /* build.xcconfig */,
			);
			name = config;
			sourceTree = "<group>";
		};
		307C750510C5A3420062BCA9 /* Plugins */ = {
			isa = PBXGroup;
			children = (
				B011F4E25B6B43879AB69B78 /* CDVClipboard.m */,
				E7B71D83395F409199F9F161 /* CDVClipboard.h */,
				D3D3AAD5B60342EF819519B3 /* CDVBattery.m */,
				F99F54AB779841B4A5B29FA9 /* CDVBattery.h */,
				2408E1F48717421CA6B49F7E /* UIImage+CropScaleOrientation.m */,
				C2CCBD8D58DC4AFD87F60D06 /* CDVCamera.m */,
				696CC190071046039AB8B605 /* CDVJpegHeaderWriter.m */,
				64C05FD3D4B84E37A003E154 /* UIImage+CropScaleOrientation.h */,
				31759411C5CB423BA11F98E4 /* CDVCamera.h */,
				3F5EBC96EAE04C85B2CB4543 /* CDVJpegHeaderWriter.h */,
				5B5C6E47F4DF4243984E3802 /* CDVExif.h */,
				4359AE9726B646ABBA253742 /* CDVLogger.m */,
				0F5502414F294621888CDDEC /* CDVLogger.h */,
				42EC7F8C039F40C9897A64B1 /* CDVContacts.m */,
				DFFD89A8D6C94F2EB1327369 /* CDVContact.m */,
				73F973E066C84FC8B1E96896 /* CDVContacts.h */,
				88AF5893857541E28ED28E0D /* CDVContact.h */,
				3C5D0883CC5642CB9D4FDC5C /* CDVDevice.m */,
				B4924C39EBBF4F3DA35405D5 /* CDVDevice.h */,
				3AAB981A14604EE19BECC95D /* CDVAccelerometer.m */,
				7E40F4A9F7FC4100A343481D /* CDVAccelerometer.h */,
				0F7F1F0F2C5B42508E2C965B /* CDVCompass.m */,
				4067EAC9CE274245B25DA4CC /* CDVCompass.h */,
				E6DC28A83EE94ADEB2DEF165 /* CDVNotification.m */,
				CB1AEEC967854E27AEF9438F /* CDVNotification.h */,
				1242A3ED82424EEFAEBE6585 /* CDVFile.m */,
				07A8EAA56DBB4B80A2CB87EC /* CDVLocalFilesystem.m */,
				6EFDE79818D04026A812F9F4 /* CDVAssetLibraryFilesystem.m */,
				DFC956186A2144C0868F8E5C /* CDVFile.h */,
				B560113F3A684756BF9EA900 /* CDVLocalFilesystem.h */,
				5576F9B0522F496BA3A1E56D /* CDVAssetLibraryFilesystem.h */,
				15EAC29CF5A64B89BD92A546 /* CDVFileTransfer.m */,
				509985D839BA4CD6A137EE32 /* CDVFileTransfer.h */,
				FB3890E6BD3A4A67BA5AC75B /* CDVLocation.m */,
				5384B355D961432AA1EECF98 /* CDVLocation.h */,
				B07C6ABCD4714DF48E45C180 /* CDVGlobalization.m */,
				61FB2FE3EA4E4C4CB9CB2E73 /* CDVGlobalization.h */,
				FA2961800A4341BBADDF3343 /* CDVInAppBrowser.m */,
				C929A01CD4014062A796F10F /* CDVInAppBrowser.h */,
				ED245BEC59534268944434E1 /* CDVSound.m */,
				BDBF5FA4D2D24A64AEC572C0 /* CDVSound.h */,
				430F599EBF5648678FFF5FE4 /* CDVCapture.m */,
				761428F32223473D9D22EDF6 /* CDVCapture.h */,
				482E0852463F45ABA0CDFF77 /* CDVConnection.m */,
				D7A54A833DCB4982B8750215 /* CDVReachability.m */,
				F88C0468B20A42D8A212697A /* CDVConnection.h */,
				1BE9CA5046A5455DA6788692 /* CDVReachability.h */,
				A1B2810A35A94E1DA8C29BE8 /* CDVSplashScreen.m */,
				BB63CCE22DCC4993B1E530F9 /* CDVViewController+SplashScreen.m */,
				3B8745906AA4404A88212E2D /* CDVSplashScreen.h */,
				4E74856EAED54E9597B852B9 /* CDVViewController+SplashScreen.h */,
				2437BFAA9E554D6F822673CC /* CDVStatusBar.m */,
				8C7F555AA6B147BEBC3A9919 /* CDVStatusBar.h */,
				C7067CDBCA084EA3AD931C53 /* CDVVibration.m */,
				811C75D0E9BB45EC97E93C58 /* CDVVibration.h */,
			);
			name = Plugins;
			path = "Hello World/Plugins";
			sourceTree = SOURCE_ROOT;
		};
		EB87FDF11871DA420020F90C /* Staging */ = {
			isa = PBXGroup;
			children = (
				F840E1F0165FE0F500CFE078 /* config.xml */,
				301BF56E109A69640062928A /* www */,
			);
			name = Staging;
			sourceTree = "<group>";
		};
/* End PBXGroup section */

/* Begin PBXNativeTarget section */
		1D6058900D05DD3D006BFB54 /* Hello World */ = {
			isa = PBXNativeTarget;
			buildConfigurationList = 1D6058960D05DD3E006BFB54 /* Build configuration list for PBXNativeTarget "Hello World" */;
			buildPhases = (
				304B58A110DAC018002A0835 /* Copy www directory */,
				1D60588D0D05DD3D006BFB54 /* Resources */,
				1D60588E0D05DD3D006BFB54 /* Sources */,
				1D60588F0D05DD3D006BFB54 /* Frameworks */,
			);
			buildRules = (
			);
			dependencies = (
				301BF551109A68C00062928A /* PBXTargetDependency */,
			);
			name = "Hello World";
			productName = "Hello World";
			productReference = 1D6058910D05DD3D006BFB54 /* Hello World.app */;
			productType = "com.apple.product-type.application";
		};
/* End PBXNativeTarget section */

/* Begin PBXProject section */
		29B97313FDCFA39411CA2CEA /* Project object */ = {
			isa = PBXProject;
			attributes = {
				LastUpgradeCheck = 510;
			};
			buildConfigurationList = C01FCF4E08A954540054247B /* Build configuration list for PBXProject "__NON-CLI__" */;
			compatibilityVersion = "Xcode 3.2";
			developmentRegion = English;
			hasScannedForEncodings = 1;
			mainGroup = 29B97314FDCFA39411CA2CEA /* CustomTemplate */;
			projectDirPath = "";
			projectReferences = (
				{
					ProductGroup = 301BF52E109A57CC0062928A /* Products */;
					ProjectRef = 301BF52D109A57CC0062928A /* CordovaLib.xcodeproj */;
				},
			);
			projectRoot = "";
			targets = (
				1D6058900D05DD3D006BFB54 /* Hello World */,
			);
		};
/* End PBXProject section */

/* Begin PBXReferenceProxy section */
		301BF535109A57CC0062928A /* libCordova.a */ = {
			isa = PBXReferenceProxy;
			fileType = archive.ar;
			path = libCordova.a;
			remoteRef = 301BF534109A57CC0062928A /* PBXContainerItemProxy */;
			sourceTree = BUILT_PRODUCTS_DIR;
		};
/* End PBXReferenceProxy section */

/* Begin PBXResourcesBuildPhase section */
		1D60588D0D05DD3D006BFB54 /* Resources */ = {
			isa = PBXResourcesBuildPhase;
			buildActionMask = 2147483647;
			files = (
				302D95F214D2391D003F00A1 /* MainViewController.xib in Resources */,
				3047A5131AB8059700498E2A /* build-release.xcconfig in Resources */,
				3047A5141AB8059700498E2A /* build.xcconfig in Resources */,
				0207DA581B56EA530066E2B4 /* Images.xcassets in Resources */,
				3047A5121AB8059700498E2A /* build-debug.xcconfig in Resources */,
				798313EBD5F241B1BB438398 /* CDVNotification.bundle in Resources */,
				BD7D49C584184FFE85F5D825 /* CDVCapture.bundle in Resources */,
			);
			runOnlyForDeploymentPostprocessing = 0;
		};
/* End PBXResourcesBuildPhase section */

/* Begin PBXShellScriptBuildPhase section */
		304B58A110DAC018002A0835 /* Copy www directory */ = {
			isa = PBXShellScriptBuildPhase;
			buildActionMask = 2147483647;
			files = (
			);
			inputPaths = (
			);
			name = "Copy www directory";
			outputPaths = (
			);
			runOnlyForDeploymentPostprocessing = 0;
			shellPath = /bin/sh;
			shellScript = "NODEJS_PATH=/usr/local/bin; NVM_NODE_PATH=~/.nvm/versions/node/`nvm version 2>/dev/null`/bin; N_NODE_PATH=`find /usr/local/n/versions/node/* -maxdepth 0 -type d 2>/dev/null | tail -1`/bin; XCODE_NODE_PATH=`xcode-select --print-path`/usr/share/xcs/Node/bin; PATH=$NODEJS_PATH:$NVM_NODE_PATH:$N_NODE_PATH:$XCODE_NODE_PATH:$PATH && node cordova/lib/copy-www-build-step.js";
			showEnvVarsInLog = 0;
		};
/* End PBXShellScriptBuildPhase section */

/* Begin PBXSourcesBuildPhase section */
		1D60588E0D05DD3D006BFB54 /* Sources */ = {
			isa = PBXSourcesBuildPhase;
			buildActionMask = 2147483647;
			files = (
				1D60589B0D05DD56006BFB54 /* main.m in Sources */,
				1D3623260D0F684500981E51 /* AppDelegate.m in Sources */,
				302D95F114D2391D003F00A1 /* MainViewController.m in Sources */,
				76335B034203490190DD6E6C /* CDVClipboard.m in Sources */,
				465DEFDFED4A4C8F959F4E61 /* CDVBattery.m in Sources */,
				1D7C73E87A0F4E19A010A373 /* UIImage+CropScaleOrientation.m in Sources */,
				6875437609BA4ADBBE0A1B4A /* CDVCamera.m in Sources */,
				FF0E7454F8CF46CE9A89DBCE /* CDVJpegHeaderWriter.m in Sources */,
				75596C40FD2E4342A86BAF1F /* CDVLogger.m in Sources */,
				361635A417834C578E07957E /* CDVContacts.m in Sources */,
				BBF4BD206B1249E1A88BB1A1 /* CDVContact.m in Sources */,
				59ACB7C89E4B4BD4AC44C382 /* CDVDevice.m in Sources */,
				5A12E518185C4CA795454B03 /* CDVAccelerometer.m in Sources */,
				A3659CEC552E4D1D8B591965 /* CDVCompass.m in Sources */,
				EBB0F03DF1E445E09ED4210A /* CDVNotification.m in Sources */,
				47157A04AB3D48C4807FAA25 /* CDVFile.m in Sources */,
				ABB6B052FA274D378CA2D302 /* CDVLocalFilesystem.m in Sources */,
				E5CCD2B6BD504BCDBB65DC0B /* CDVAssetLibraryFilesystem.m in Sources */,
				0E5F2B02CE694B798EC1D2B1 /* CDVFileTransfer.m in Sources */,
				C1486A2406404A249BAFDFA8 /* CDVLocation.m in Sources */,
				EBE5D79F47EE441FAC300AB7 /* CDVGlobalization.m in Sources */,
				41EE27FE8BA143D19FE3A84B /* CDVInAppBrowser.m in Sources */,
				FE3CE29942744F40AC07BE25 /* CDVSound.m in Sources */,
				A090DDAFA3324763B798B9B0 /* CDVCapture.m in Sources */,
				64A51E7809D84D3FBEC16946 /* CDVConnection.m in Sources */,
				85978A97A07E4BAB90A9119F /* CDVReachability.m in Sources */,
				0C6B41F9CCDB4F5C9BAF71D1 /* CDVSplashScreen.m in Sources */,
				1BA70237EC304982B5CC93BE /* CDVViewController+SplashScreen.m in Sources */,
				5DA691637D204B1F8E97A954 /* CDVStatusBar.m in Sources */,
				31EBCC71E8B2489CB3D4FB2D /* CDVVibration.m in Sources */,
			);
			runOnlyForDeploymentPostprocessing = 0;
		};
/* End PBXSourcesBuildPhase section */

/* Begin PBXTargetDependency section */
		301BF551109A68C00062928A /* PBXTargetDependency */ = {
			isa = PBXTargetDependency;
			name = CordovaLib;
			targetProxy = 301BF550109A68C00062928A /* PBXContainerItemProxy */;
		};
/* End PBXTargetDependency section */

/* Begin XCBuildConfiguration section */
		1D6058940D05DD3E006BFB54 /* Debug */ = {
			isa = XCBuildConfiguration;
			baseConfigurationReference = 3047A50F1AB8059700498E2A /* build-debug.xcconfig */;
			buildSettings = {
				ALWAYS_SEARCH_USER_PATHS = NO;
				ASSETCATALOG_COMPILER_APPICON_NAME = AppIcon;
				ASSETCATALOG_COMPILER_LAUNCHIMAGE_NAME = LaunchImage;
				CLANG_ENABLE_MODULES = YES;
				CLANG_ENABLE_OBJC_ARC = YES;
				COPY_PHASE_STRIP = NO;
				GCC_DYNAMIC_NO_PIC = NO;
				GCC_OPTIMIZATION_LEVEL = 0;
				GCC_PRECOMPILE_PREFIX_HEADER = YES;
				GCC_PREFIX_HEADER = "Hello World/Hello World-Prefix.pch";
				GCC_THUMB_SUPPORT = NO;
				GCC_VERSION = "";
				INFOPLIST_FILE = "Hello World/Hello World-Info.plist";
				LD_RUNPATH_SEARCH_PATHS = "@executable_path/Frameworks";
				PRODUCT_NAME = "Hello World";
			};
			name = Debug;
		};
		1D6058950D05DD3E006BFB54 /* Release */ = {
			isa = XCBuildConfiguration;
			baseConfigurationReference = 3047A5101AB8059700498E2A /* build-release.xcconfig */;
			buildSettings = {
				ALWAYS_SEARCH_USER_PATHS = NO;
				ASSETCATALOG_COMPILER_APPICON_NAME = AppIcon;
				ASSETCATALOG_COMPILER_LAUNCHIMAGE_NAME = LaunchImage;
				CLANG_ENABLE_MODULES = YES;
				CLANG_ENABLE_OBJC_ARC = YES;
				COPY_PHASE_STRIP = YES;
				GCC_PRECOMPILE_PREFIX_HEADER = YES;
				GCC_PREFIX_HEADER = "Hello World/Hello World-Prefix.pch";
				GCC_THUMB_SUPPORT = NO;
				GCC_VERSION = "";
				INFOPLIST_FILE = "Hello World/Hello World-Info.plist";
				PRODUCT_NAME = "Hello World";
			};
			name = Release;
		};
		C01FCF4F08A954540054247B /* Debug */ = {
			isa = XCBuildConfiguration;
			baseConfigurationReference = 3047A5111AB8059700498E2A /* build.xcconfig */;
			buildSettings = {
				CLANG_ENABLE_MODULES = YES;
				CLANG_ENABLE_OBJC_ARC = YES;
				CLANG_WARN_BOOL_CONVERSION = YES;
				CLANG_WARN_CONSTANT_CONVERSION = YES;
				CLANG_WARN_EMPTY_BODY = YES;
				CLANG_WARN_ENUM_CONVERSION = YES;
				CLANG_WARN_INT_CONVERSION = YES;
				CLANG_WARN__DUPLICATE_METHOD_MATCH = YES;
				GCC_C_LANGUAGE_STANDARD = c99;
				GCC_THUMB_SUPPORT = NO;
				GCC_VERSION = "";
				GCC_WARN_ABOUT_RETURN_TYPE = YES;
				GCC_WARN_UNDECLARED_SELECTOR = YES;
				GCC_WARN_UNINITIALIZED_AUTOS = YES;
				GCC_WARN_UNUSED_FUNCTION = YES;
				GCC_WARN_UNUSED_VARIABLE = YES;
				ONLY_ACTIVE_ARCH = YES;
				SDKROOT = iphoneos;
				SKIP_INSTALL = NO;
			};
			name = Debug;
		};
		C01FCF5008A954540054247B /* Release */ = {
			isa = XCBuildConfiguration;
			baseConfigurationReference = 3047A5111AB8059700498E2A /* build.xcconfig */;
			buildSettings = {
				CLANG_ENABLE_MODULES = YES;
				CLANG_ENABLE_OBJC_ARC = YES;
				CLANG_WARN_BOOL_CONVERSION = YES;
				CLANG_WARN_CONSTANT_CONVERSION = YES;
				CLANG_WARN_EMPTY_BODY = YES;
				CLANG_WARN_ENUM_CONVERSION = YES;
				CLANG_WARN_INT_CONVERSION = YES;
				CLANG_WARN__DUPLICATE_METHOD_MATCH = YES;
				GCC_C_LANGUAGE_STANDARD = c99;
				GCC_THUMB_SUPPORT = NO;
				GCC_VERSION = "";
				GCC_WARN_ABOUT_RETURN_TYPE = YES;
				GCC_WARN_UNDECLARED_SELECTOR = YES;
				GCC_WARN_UNINITIALIZED_AUTOS = YES;
				GCC_WARN_UNUSED_FUNCTION = YES;
				GCC_WARN_UNUSED_VARIABLE = YES;
				SDKROOT = iphoneos;
				SKIP_INSTALL = NO;
			};
			name = Release;
		};
/* End XCBuildConfiguration section */

/* Begin XCConfigurationList section */
		1D6058960D05DD3E006BFB54 /* Build configuration list for PBXNativeTarget "Hello World" */ = {
			isa = XCConfigurationList;
			buildConfigurations = (
				1D6058940D05DD3E006BFB54 /* Debug */,
				1D6058950D05DD3E006BFB54 /* Release */,
			);
			defaultConfigurationIsVisible = 0;
			defaultConfigurationName = Release;
		};
		C01FCF4E08A954540054247B /* Build configuration list for PBXProject "__NON-CLI__" */ = {
			isa = XCConfigurationList;
			buildConfigurations = (
				C01FCF4F08A954540054247B /* Debug */,
				C01FCF5008A954540054247B /* Release */,
			);
			defaultConfigurationIsVisible = 0;
			defaultConfigurationName = Release;
		};
/* End XCConfigurationList section */
	};
	rootObject = 29B97313FDCFA39411CA2CEA /* Project object */;
}
